// !$*UTF8*$!
{
	archiveVersion = 1;
	classes = {
	};
	objectVersion = 56;
	objects = {

/* Begin PBXBuildFile section */
		3E3CFAB52C7EDA1A00D32AA9 /* Weather_ApiApp.swift in Sources */ = {isa = PBXBuildFile; fileRef = 3E3CFAB42C7EDA1A00D32AA9 /* Weather_ApiApp.swift */; };
		3E3CFAB72C7EDA1A00D32AA9 /* WeatherView.swift in Sources */ = {isa = PBXBuildFile; fileRef = 3E3CFAB62C7EDA1A00D32AA9 /* WeatherView.swift */; };
		3E3CFAB92C7EDA1B00D32AA9 /* Assets.xcassets in Resources */ = {isa = PBXBuildFile; fileRef = 3E3CFAB82C7EDA1B00D32AA9 /* Assets.xcassets */; };
		3E3CFABC2C7EDA1B00D32AA9 /* Preview Assets.xcassets in Resources */ = {isa = PBXBuildFile; fileRef = 3E3CFABB2C7EDA1B00D32AA9 /* Preview Assets.xcassets */; };
		3E3CFAC32C7EDA4A00D32AA9 /* WeatherModel.swift in Sources */ = {isa = PBXBuildFile; fileRef = 3E3CFAC22C7EDA4A00D32AA9 /* WeatherModel.swift */; };
		3E3CFAC72C7EDCD100D32AA9 /*  NetworkCall.swift in Sources */ = {isa = PBXBuildFile; fileRef = 3E3CFAC62C7EDCD100D32AA9 /*  NetworkCall.swift */; };
		3E3CFACB2C7EDD7600D32AA9 /* WeatherViewModel.swift in Sources */ = {isa = PBXBuildFile; fileRef = 3E3CFACA2C7EDD7600D32AA9 /* WeatherViewModel.swift */; };
		3E3CFACD2C7EE10F00D32AA9 /* TemperatureModel.swift in Sources */ = {isa = PBXBuildFile; fileRef = 3E3CFACC2C7EE10F00D32AA9 /* TemperatureModel.swift */; };
/* End PBXBuildFile section */

/* Begin PBXFileReference section */
		3E3CFAB12C7EDA1A00D32AA9 /* WeatherApi.app */ = {isa = PBXFileReference; explicitFileType = wrapper.application; includeInIndex = 0; path = WeatherApi.app; sourceTree = BUILT_PRODUCTS_DIR; };
		3E3CFAB42C7EDA1A00D32AA9 /* Weather_ApiApp.swift */ = {isa = PBXFileReference; lastKnownFileType = sourcecode.swift; path = Weather_ApiApp.swift; sourceTree = "<group>"; };
		3E3CFAB62C7EDA1A00D32AA9 /* WeatherView.swift */ = {isa = PBXFileReference; lastKnownFileType = sourcecode.swift; path = WeatherView.swift; sourceTree = "<group>"; };
		3E3CFAB82C7EDA1B00D32AA9 /* Assets.xcassets */ = {isa = PBXFileReference; lastKnownFileType = folder.assetcatalog; path = Assets.xcassets; sourceTree = "<group>"; };
		3E3CFABB2C7EDA1B00D32AA9 /* Preview Assets.xcassets */ = {isa = PBXFileReference; lastKnownFileType = folder.assetcatalog; path = "Preview Assets.xcassets"; sourceTree = "<group>"; };
		3E3CFAC22C7EDA4A00D32AA9 /* WeatherModel.swift */ = {isa = PBXFileReference; lastKnownFileType = sourcecode.swift; path = WeatherModel.swift; sourceTree = "<group>"; };
		3E3CFAC62C7EDCD100D32AA9 /*  NetworkCall.swift */ = {isa = PBXFileReference; lastKnownFileType = sourcecode.swift; path = " NetworkCall.swift"; sourceTree = "<group>"; };
		3E3CFACA2C7EDD7600D32AA9 /* WeatherViewModel.swift */ = {isa = PBXFileReference; lastKnownFileType = sourcecode.swift; path = WeatherViewModel.swift; sourceTree = "<group>"; };
		3E3CFACC2C7EE10F00D32AA9 /* TemperatureModel.swift */ = {isa = PBXFileReference; lastKnownFileType = sourcecode.swift; path = TemperatureModel.swift; sourceTree = "<group>"; };
/* End PBXFileReference section */

/* Begin PBXFrameworksBuildPhase section */
		3E3CFAAE2C7EDA1A00D32AA9 /* Frameworks */ = {
			isa = PBXFrameworksBuildPhase;
			buildActionMask = 2147483647;
			files = (
			);
			runOnlyForDeploymentPostprocessing = 0;
		};
/* End PBXFrameworksBuildPhase section */

/* Begin PBXGroup section */
		3E3CFAA82C7EDA1A00D32AA9 = {
			isa = PBXGroup;
			children = (
				3E3CFAB32C7EDA1A00D32AA9 /* Weather Api */,
				3E3CFAB22C7EDA1A00D32AA9 /* Products */,
			);
			sourceTree = "<group>";
		};
		3E3CFAB22C7EDA1A00D32AA9 /* Products */ = {
			isa = PBXGroup;
			children = (
				3E3CFAB12C7EDA1A00D32AA9 /* WeatherApi.app */,
			);
			name = Products;
			sourceTree = "<group>";
		};
		3E3CFAB32C7EDA1A00D32AA9 /* Weather Api */ = {
			isa = PBXGroup;
			children = (
				3E3CFAB42C7EDA1A00D32AA9 /* Weather_ApiApp.swift */,
				3E3CFAD32C7EE4DD00D32AA9 /* Model */,
				3E3CFAD22C7EE4D000D32AA9 /* ViewModel */,
				3E3CFAD12C7EE4C500D32AA9 /* MainView */,
				3E3CFAD02C7EE49500D32AA9 /* Service */,
				3E3CFAB82C7EDA1B00D32AA9 /* Assets.xcassets */,
				3E3CFABA2C7EDA1B00D32AA9 /* Preview Content */,
			);
			path = "Weather Api";
			sourceTree = "<group>";
		};
		3E3CFABA2C7EDA1B00D32AA9 /* Preview Content */ = {
			isa = PBXGroup;
			children = (
				3E3CFABB2C7EDA1B00D32AA9 /* Preview Assets.xcassets */,
			);
			path = "Preview Content";
			sourceTree = "<group>";
		};
		3E3CFAD02C7EE49500D32AA9 /* Service */ = {
			isa = PBXGroup;
			children = (
				3E3CFAC62C7EDCD100D32AA9 /*  NetworkCall.swift */,
			);
			path = Service;
			sourceTree = "<group>";
		};
		3E3CFAD12C7EE4C500D32AA9 /* MainView */ = {
			isa = PBXGroup;
			children = (
				3E3CFAB62C7EDA1A00D32AA9 /* WeatherView.swift */,
			);
			path = MainView;
			sourceTree = "<group>";
		};
		3E3CFAD22C7EE4D000D32AA9 /* ViewModel */ = {
			isa = PBXGroup;
			children = (
				3E3CFACA2C7EDD7600D32AA9 /* WeatherViewModel.swift */,
			);
			path = ViewModel;
			sourceTree = "<group>";
		};
		3E3CFAD32C7EE4DD00D32AA9 /* Model */ = {
			isa = PBXGroup;
			children = (
				3E3CFACC2C7EE10F00D32AA9 /* TemperatureModel.swift */,
				3E3CFAC22C7EDA4A00D32AA9 /* WeatherModel.swift */,
			);
			path = Model;
			sourceTree = "<group>";
		};
/* End PBXGroup section */

/* Begin PBXNativeTarget section */
		3E3CFAB02C7EDA1A00D32AA9 /* WeatherApi */ = {
			isa = PBXNativeTarget;
			buildConfigurationList = 3E3CFABF2C7EDA1B00D32AA9 /* Build configuration list for PBXNativeTarget "WeatherApi" */;
			buildPhases = (
				3E3CFAAD2C7EDA1A00D32AA9 /* Sources */,
				3E3CFAAE2C7EDA1A00D32AA9 /* Frameworks */,
				3E3CFAAF2C7EDA1A00D32AA9 /* Resources */,
			);
			buildRules = (
			);
			dependencies = (
			);
			name = WeatherApi;
			productName = "Weather Api";
			productReference = 3E3CFAB12C7EDA1A00D32AA9 /* WeatherApi.app */;
			productType = "com.apple.product-type.application";
		};
/* End PBXNativeTarget section */

/* Begin PBXProject section */
		3E3CFAA92C7EDA1A00D32AA9 /* Project object */ = {
			isa = PBXProject;
			attributes = {
				BuildIndependentTargetsInParallel = 1;
				LastSwiftUpdateCheck = 1540;
				LastUpgradeCheck = 1540;
				TargetAttributes = {
					3E3CFAB02C7EDA1A00D32AA9 = {
						CreatedOnToolsVersion = 15.4;
					};
				};
			};
			buildConfigurationList = 3E3CFAAC2C7EDA1A00D32AA9 /* Build configuration list for PBXProject "WeatherApi" */;
			compatibilityVersion = "Xcode 14.0";
			developmentRegion = en;
			hasScannedForEncodings = 0;
			knownRegions = (
				en,
				Base,
			);
			mainGroup = 3E3CFAA82C7EDA1A00D32AA9;
			productRefGroup = 3E3CFAB22C7EDA1A00D32AA9 /* Products */;
			projectDirPath = "";
			projectRoot = "";
			targets = (
				3E3CFAB02C7EDA1A00D32AA9 /* WeatherApi */,
			);
		};
/* End PBXProject section */

/* Begin PBXResourcesBuildPhase section */
		3E3CFAAF2C7EDA1A00D32AA9 /* Resources */ = {
			isa = PBXResourcesBuildPhase;
			buildActionMask = 2147483647;
			files = (
				3E3CFABC2C7EDA1B00D32AA9 /* Preview Assets.xcassets in Resources */,
				3E3CFAB92C7EDA1B00D32AA9 /* Assets.xcassets in Resources */,
			);
			runOnlyForDeploymentPostprocessing = 0;
		};
/* End PBXResourcesBuildPhase section */

/* Begin PBXSourcesBuildPhase section */
		3E3CFAAD2C7EDA1A00D32AA9 /* Sources */ = {
			isa = PBXSourcesBuildPhase;
			buildActionMask = 2147483647;
			files = (
				3E3CFACB2C7EDD7600D32AA9 /* WeatherViewModel.swift in Sources */,
				3E3CFAB72C7EDA1A00D32AA9 /* WeatherView.swift in Sources */,
				3E3CFACD2C7EE10F00D32AA9 /* TemperatureModel.swift in Sources */,
				3E3CFAC32C7EDA4A00D32AA9 /* WeatherModel.swift in Sources */,
				3E3CFAB52C7EDA1A00D32AA9 /* Weather_ApiApp.swift in Sources */,
				3E3CFAC72C7EDCD100D32AA9 /*  NetworkCall.swift in Sources */,
			);
			runOnlyForDeploymentPostprocessing = 0;
		};
/* End PBXSourcesBuildPhase section */

/* Begin XCBuildConfiguration section */
		3E3CFABD2C7EDA1B00D32AA9 /* Debug */ = {
			isa = XCBuildConfiguration;
			buildSettings = {
				ALWAYS_SEARCH_USER_PATHS = NO;
				ASSETCATALOG_COMPILER_GENERATE_SWIFT_ASSET_SYMBOL_EXTENSIONS = YES;
				CLANG_ANALYZER_NONNULL = YES;
				CLANG_ANALYZER_NUMBER_OBJECT_CONVERSION = YES_AGGRESSIVE;
				CLANG_CXX_LANGUAGE_STANDARD = "gnu++20";
				CLANG_ENABLE_MODULES = YES;
				CLANG_ENABLE_OBJC_ARC = YES;
				CLANG_ENABLE_OBJC_WEAK = YES;
				CLANG_WARN_BLOCK_CAPTURE_AUTORELEASING = YES;
				CLANG_WARN_BOOL_CONVERSION = YES;
				CLANG_WARN_COMMA = YES;
				CLANG_WARN_CONSTANT_CONVERSION = YES;
				CLANG_WARN_DEPRECATED_OBJC_IMPLEMENTATIONS = YES;
				CLANG_WARN_DIRECT_OBJC_ISA_USAGE = YES_ERROR;
				CLANG_WARN_DOCUMENTATION_COMMENTS = YES;
				CLANG_WARN_EMPTY_BODY = YES;
				CLANG_WARN_ENUM_CONVERSION = YES;
				CLANG_WARN_INFINITE_RECURSION = YES;
				CLANG_WARN_INT_CONVERSION = YES;
				CLANG_WARN_NON_LITERAL_NULL_CONVERSION = YES;
				CLANG_WARN_OBJC_IMPLICIT_RETAIN_SELF = YES;
				CLANG_WARN_OBJC_LITERAL_CONVERSION = YES;
				CLANG_WARN_OBJC_ROOT_CLASS = YES_ERROR;
				CLANG_WARN_QUOTED_INCLUDE_IN_FRAMEWORK_HEADER = YES;
				CLANG_WARN_RANGE_LOOP_ANALYSIS = YES;
				CLANG_WARN_STRICT_PROTOTYPES = YES;
				CLANG_WARN_SUSPICIOUS_MOVE = YES;
				CLANG_WARN_UNGUARDED_AVAILABILITY = YES_AGGRESSIVE;
				CLANG_WARN_UNREACHABLE_CODE = YES;
				CLANG_WARN__DUPLICATE_METHOD_MATCH = YES;
				COPY_PHASE_STRIP = NO;
				DEBUG_INFORMATION_FORMAT = dwarf;
				ENABLE_STRICT_OBJC_MSGSEND = YES;
				ENABLE_TESTABILITY = YES;
				ENABLE_USER_SCRIPT_SANDBOXING = YES;
				GCC_C_LANGUAGE_STANDARD = gnu17;
				GCC_DYNAMIC_NO_PIC = NO;
				GCC_NO_COMMON_BLOCKS = YES;
				GCC_OPTIMIZATION_LEVEL = 0;
				GCC_PREPROCESSOR_DEFINITIONS = (
					"DEBUG=1",
					"$(inherited)",
				);
				GCC_WARN_64_TO_32_BIT_CONVERSION = YES;
				GCC_WARN_ABOUT_RETURN_TYPE = YES_ERROR;
				GCC_WARN_UNDECLARED_SELECTOR = YES;
				GCC_WARN_UNINITIALIZED_AUTOS = YES_AGGRESSIVE;
				GCC_WARN_UNUSED_FUNCTION = YES;
				GCC_WARN_UNUSED_VARIABLE = YES;
				IPHONEOS_DEPLOYMENT_TARGET = 17.5;
				LOCALIZATION_PREFERS_STRING_CATALOGS = YES;
				MTL_ENABLE_DEBUG_INFO = INCLUDE_SOURCE;
				MTL_FAST_MATH = YES;
				ONLY_ACTIVE_ARCH = YES;
				SDKROOT = iphoneos;
				SWIFT_ACTIVE_COMPILATION_CONDITIONS = "DEBUG $(inherited)";
				SWIFT_OPTIMIZATION_LEVEL = "-Onone";
			};
			name = Debug;
		};
		3E3CFABE2C7EDA1B00D32AA9 /* Release */ = {
			isa = XCBuildConfiguration;
			buildSettings = {
				ALWAYS_SEARCH_USER_PATHS = NO;
				ASSETCATALOG_COMPILER_GENERATE_SWIFT_ASSET_SYMBOL_EXTENSIONS = YES;
				CLANG_ANALYZER_NONNULL = YES;
				CLANG_ANALYZER_NUMBER_OBJECT_CONVERSION = YES_AGGRESSIVE;
				CLANG_CXX_LANGUAGE_STANDARD = "gnu++20";
				CLANG_ENABLE_MODULES = YES;
				CLANG_ENABLE_OBJC_ARC = YES;
				CLANG_ENABLE_OBJC_WEAK = YES;
				CLANG_WARN_BLOCK_CAPTURE_AUTORELEASING = YES;
				CLANG_WARN_BOOL_CONVERSION = YES;
				CLANG_WARN_COMMA = YES;
				CLANG_WARN_CONSTANT_CONVERSION = YES;
				CLANG_WARN_DEPRECATED_OBJC_IMPLEMENTATIONS = YES;
				CLANG_WARN_DIRECT_OBJC_ISA_USAGE = YES_ERROR;
				CLANG_WARN_DOCUMENTATION_COMMENTS = YES;
				CLANG_WARN_EMPTY_BODY = YES;
				CLANG_WARN_ENUM_CONVERSION = YES;
				CLANG_WARN_INFINITE_RECURSION = YES;
				CLANG_WARN_INT_CONVERSION = YES;
				CLANG_WARN_NON_LITERAL_NULL_CONVERSION = YES;
				CLANG_WARN_OBJC_IMPLICIT_RETAIN_SELF = YES;
				CLANG_WARN_OBJC_LITERAL_CONVERSION = YES;
				CLANG_WARN_OBJC_ROOT_CLASS = YES_ERROR;
				CLANG_WARN_QUOTED_INCLUDE_IN_FRAMEWORK_HEADER = YES;
				CLANG_WARN_RANGE_LOOP_ANALYSIS = YES;
				CLANG_WARN_STRICT_PROTOTYPES = YES;
				CLANG_WARN_SUSPICIOUS_MOVE = YES;
				CLANG_WARN_UNGUARDED_AVAILABILITY = YES_AGGRESSIVE;
				CLANG_WARN_UNREACHABLE_CODE = YES;
				CLANG_WARN__DUPLICATE_METHOD_MATCH = YES;
				COPY_PHASE_STRIP = NO;
				DEBUG_INFORMATION_FORMAT = "dwarf-with-dsym";
				ENABLE_NS_ASSERTIONS = NO;
				ENABLE_STRICT_OBJC_MSGSEND = YES;
				ENABLE_USER_SCRIPT_SANDBOXING = YES;
				GCC_C_LANGUAGE_STANDARD = gnu17;
				GCC_NO_COMMON_BLOCKS = YES;
				GCC_WARN_64_TO_32_BIT_CONVERSION = YES;
				GCC_WARN_ABOUT_RETURN_TYPE = YES_ERROR;
				GCC_WARN_UNDECLARED_SELECTOR = YES;
				GCC_WARN_UNINITIALIZED_AUTOS = YES_AGGRESSIVE;
				GCC_WARN_UNUSED_FUNCTION = YES;
				GCC_WARN_UNUSED_VARIABLE = YES;
				IPHONEOS_DEPLOYMENT_TARGET = 17.5;
				LOCALIZATION_PREFERS_STRING_CATALOGS = YES;
				MTL_ENABLE_DEBUG_INFO = NO;
				MTL_FAST_MATH = YES;
				SDKROOT = iphoneos;
				SWIFT_COMPILATION_MODE = wholemodule;
				VALIDATE_PRODUCT = YES;
			};
			name = Release;
		};
		3E3CFAC02C7EDA1B00D32AA9 /* Debug */ = {
			isa = XCBuildConfiguration;
			buildSettings = {
				ASSETCATALOG_COMPILER_APPICON_NAME = AppIcon;
				ASSETCATALOG_COMPILER_GLOBAL_ACCENT_COLOR_NAME = AccentColor;
				CODE_SIGN_STYLE = Automatic;
				CURRENT_PROJECT_VERSION = 1;
				DEVELOPMENT_ASSET_PATHS = "\"Weather Api/Preview Content\"";
				DEVELOPMENT_TEAM = Y9UNY8645A;
				ENABLE_PREVIEWS = YES;
				GENERATE_INFOPLIST_FILE = YES;
				INFOPLIST_KEY_UIApplicationSceneManifest_Generation = YES;
				INFOPLIST_KEY_UIApplicationSupportsIndirectInputEvents = YES;
				INFOPLIST_KEY_UILaunchScreen_Generation = YES;
				INFOPLIST_KEY_UISupportedInterfaceOrientations_iPad = "UIInterfaceOrientationPortrait UIInterfaceOrientationPortraitUpsideDown UIInterfaceOrientationLandscapeLeft UIInterfaceOrientationLandscapeRight";
				INFOPLIST_KEY_UISupportedInterfaceOrientations_iPhone = "UIInterfaceOrientationPortrait UIInterfaceOrientationLandscapeLeft UIInterfaceOrientationLandscapeRight";
				LD_RUNPATH_SEARCH_PATHS = (
					"$(inherited)",
					"@executable_path/Frameworks",
				);
				MARKETING_VERSION = 1.0;
				PRODUCT_BUNDLE_IDENTIFIER = "nick.rios.Weather-Api";
				PRODUCT_NAME = "$(TARGET_NAME)";
				SWIFT_EMIT_LOC_STRINGS = YES;
				SWIFT_VERSION = 5.0;
				TARGETED_DEVICE_FAMILY = "1,2";
			};
			name = Debug;
		};
		3E3CFAC12C7EDA1B00D32AA9 /* Release */ = {
			isa = XCBuildConfiguration;
			buildSettings = {
				ASSETCATALOG_COMPILER_APPICON_NAME = AppIcon;
				ASSETCATALOG_COMPILER_GLOBAL_ACCENT_COLOR_NAME = AccentColor;
				CODE_SIGN_STYLE = Automatic;
				CURRENT_PROJECT_VERSION = 1;
				DEVELOPMENT_ASSET_PATHS = "\"Weather Api/Preview Content\"";
				DEVELOPMENT_TEAM = Y9UNY8645A;
				ENABLE_PREVIEWS = YES;
				GENERATE_INFOPLIST_FILE = YES;
				INFOPLIST_KEY_UIApplicationSceneManifest_Generation = YES;
				INFOPLIST_KEY_UIApplicationSupportsIndirectInputEvents = YES;
				INFOPLIST_KEY_UILaunchScreen_Generation = YES;
				INFOPLIST_KEY_UISupportedInterfaceOrientations_iPad = "UIInterfaceOrientationPortrait UIInterfaceOrientationPortraitUpsideDown UIInterfaceOrientationLandscapeLeft UIInterfaceOrientationLandscapeRight";
				INFOPLIST_KEY_UISupportedInterfaceOrientations_iPhone = "UIInterfaceOrientationPortrait UIInterfaceOrientationLandscapeLeft UIInterfaceOrientationLandscapeRight";
				LD_RUNPATH_SEARCH_PATHS = (
					"$(inherited)",
					"@executable_path/Frameworks",
				);
				MARKETING_VERSION = 1.0;
				PRODUCT_BUNDLE_IDENTIFIER = "nick.rios.Weather-Api";
				PRODUCT_NAME = "$(TARGET_NAME)";
				SWIFT_EMIT_LOC_STRINGS = YES;
				SWIFT_VERSION = 5.0;
				TARGETED_DEVICE_FAMILY = "1,2";
			};
			name = Release;
		};
/* End XCBuildConfiguration section */

/* Begin XCConfigurationList section */
		3E3CFAAC2C7EDA1A00D32AA9 /* Build configuration list for PBXProject "WeatherApi" */ = {
			isa = XCConfigurationList;
			buildConfigurations = (
				3E3CFABD2C7EDA1B00D32AA9 /* Debug */,
				3E3CFABE2C7EDA1B00D32AA9 /* Release */,
			);
			defaultConfigurationIsVisible = 0;
			defaultConfigurationName = Release;
		};
		3E3CFABF2C7EDA1B00D32AA9 /* Build configuration list for PBXNativeTarget "WeatherApi" */ = {
			isa = XCConfigurationList;
			buildConfigurations = (
				3E3CFAC02C7EDA1B00D32AA9 /* Debug */,
				3E3CFAC12C7EDA1B00D32AA9 /* Release */,
			);
			defaultConfigurationIsVisible = 0;
			defaultConfigurationName = Release;
		};
/* End XCConfigurationList section */
	};
	rootObject = 3E3CFAA92C7EDA1A00D32AA9 /* Project object */;
}
